// !$*UTF8*$!
{
	archiveVersion = 1;
	classes = {
	};
	objectVersion = 50;
	objects = {

/* Begin PBXBuildFile section */
		053DC15B25452A96003EB593 /* AppDelegate.swift in Sources */ = {isa = PBXBuildFile; fileRef = 053DC15A25452A96003EB593 /* AppDelegate.swift */; };
		053DC15D25452A96003EB593 /* SceneDelegate.swift in Sources */ = {isa = PBXBuildFile; fileRef = 053DC15C25452A96003EB593 /* SceneDelegate.swift */; };
		053DC15F25452A96003EB593 /* ViewController.swift in Sources */ = {isa = PBXBuildFile; fileRef = 053DC15E25452A96003EB593 /* ViewController.swift */; };
		053DC16225452A96003EB593 /* Main.storyboard in Resources */ = {isa = PBXBuildFile; fileRef = 053DC16025452A96003EB593 /* Main.storyboard */; };
		053DC16525452A96003EB593 /* Iano_GuessingGame.xcdatamodeld in Sources */ = {isa = PBXBuildFile; fileRef = 053DC16325452A96003EB593 /* Iano_GuessingGame.xcdatamodeld */; };
		053DC16725452A9D003EB593 /* Assets.xcassets in Resources */ = {isa = PBXBuildFile; fileRef = 053DC16625452A9D003EB593 /* Assets.xcassets */; };
		053DC16A25452A9E003EB593 /* LaunchScreen.storyboard in Resources */ = {isa = PBXBuildFile; fileRef = 053DC16825452A9E003EB593 /* LaunchScreen.storyboard */; };
		053DC17525452A9F003EB593 /* Iano_GuessingGameTests.swift in Sources */ = {isa = PBXBuildFile; fileRef = 053DC17425452A9F003EB593 /* Iano_GuessingGameTests.swift */; };
		053DC18025452A9F003EB593 /* Iano_GuessingGameUITests.swift in Sources */ = {isa = PBXBuildFile; fileRef = 053DC17F25452A9F003EB593 /* Iano_GuessingGameUITests.swift */; };
/* End PBXBuildFile section */

/* Begin PBXContainerItemProxy section */
		053DC17125452A9F003EB593 /* PBXContainerItemProxy */ = {
			isa = PBXContainerItemProxy;
			containerPortal = 053DC14F25452A96003EB593 /* Project object */;
			proxyType = 1;
			remoteGlobalIDString = 053DC15625452A96003EB593;
			remoteInfo = Iano_GuessingGame;
		};
		053DC17C25452A9F003EB593 /* PBXContainerItemProxy */ = {
			isa = PBXContainerItemProxy;
			containerPortal = 053DC14F25452A96003EB593 /* Project object */;
			proxyType = 1;
			remoteGlobalIDString = 053DC15625452A96003EB593;
			remoteInfo = Iano_GuessingGame;
		};
/* End PBXContainerItemProxy section */

/* Begin PBXFileReference section */
		053DC15725452A96003EB593 /* Iano_GuessingGame.app */ = {isa = PBXFileReference; explicitFileType = wrapper.application; includeInIndex = 0; path = Iano_GuessingGame.app; sourceTree = BUILT_PRODUCTS_DIR; };
		053DC15A25452A96003EB593 /* AppDelegate.swift */ = {isa = PBXFileReference; lastKnownFileType = sourcecode.swift; path = AppDelegate.swift; sourceTree = "<group>"; };
		053DC15C25452A96003EB593 /* SceneDelegate.swift */ = {isa = PBXFileReference; lastKnownFileType = sourcecode.swift; path = SceneDelegate.swift; sourceTree = "<group>"; };
		053DC15E25452A96003EB593 /* ViewController.swift */ = {isa = PBXFileReference; lastKnownFileType = sourcecode.swift; path = ViewController.swift; sourceTree = "<group>"; };
		053DC16125452A96003EB593 /* Base */ = {isa = PBXFileReference; lastKnownFileType = file.storyboard; name = Base; path = Base.lproj/Main.storyboard; sourceTree = "<group>"; };
		053DC16425452A96003EB593 /* Iano_GuessingGame.xcdatamodel */ = {isa = PBXFileReference; lastKnownFileType = wrapper.xcdatamodel; path = Iano_GuessingGame.xcdatamodel; sourceTree = "<group>"; };
		053DC16625452A9D003EB593 /* Assets.xcassets */ = {isa = PBXFileReference; lastKnownFileType = folder.assetcatalog; path = Assets.xcassets; sourceTree = "<group>"; };
		053DC16925452A9E003EB593 /* Base */ = {isa = PBXFileReference; lastKnownFileType = file.storyboard; name = Base; path = Base.lproj/LaunchScreen.storyboard; sourceTree = "<group>"; };
		053DC16B25452A9E003EB593 /* Info.plist */ = {isa = PBXFileReference; lastKnownFileType = text.plist.xml; path = Info.plist; sourceTree = "<group>"; };
		053DC17025452A9F003EB593 /* Iano_GuessingGameTests.xctest */ = {isa = PBXFileReference; explicitFileType = wrapper.cfbundle; includeInIndex = 0; path = Iano_GuessingGameTests.xctest; sourceTree = BUILT_PRODUCTS_DIR; };
		053DC17425452A9F003EB593 /* Iano_GuessingGameTests.swift */ = {isa = PBXFileReference; lastKnownFileType = sourcecode.swift; path = Iano_GuessingGameTests.swift; sourceTree = "<group>"; };
		053DC17625452A9F003EB593 /* Info.plist */ = {isa = PBXFileReference; lastKnownFileType = text.plist.xml; path = Info.plist; sourceTree = "<group>"; };
		053DC17B25452A9F003EB593 /* Iano_GuessingGameUITests.xctest */ = {isa = PBXFileReference; explicitFileType = wrapper.cfbundle; includeInIndex = 0; path = Iano_GuessingGameUITests.xctest; sourceTree = BUILT_PRODUCTS_DIR; };
		053DC17F25452A9F003EB593 /* Iano_GuessingGameUITests.swift */ = {isa = PBXFileReference; lastKnownFileType = sourcecode.swift; path = Iano_GuessingGameUITests.swift; sourceTree = "<group>"; };
		053DC18125452A9F003EB593 /* Info.plist */ = {isa = PBXFileReference; lastKnownFileType = text.plist.xml; path = Info.plist; sourceTree = "<group>"; };
/* End PBXFileReference section */

/* Begin PBXFrameworksBuildPhase section */
		053DC15425452A96003EB593 /* Frameworks */ = {
			isa = PBXFrameworksBuildPhase;
			buildActionMask = 2147483647;
			files = (
			);
			runOnlyForDeploymentPostprocessing = 0;
		};
		053DC16D25452A9F003EB593 /* Frameworks */ = {
			isa = PBXFrameworksBuildPhase;
			buildActionMask = 2147483647;
			files = (
			);
			runOnlyForDeploymentPostprocessing = 0;
		};
		053DC17825452A9F003EB593 /* Frameworks */ = {
			isa = PBXFrameworksBuildPhase;
			buildActionMask = 2147483647;
			files = (
			);
			runOnlyForDeploymentPostprocessing = 0;
		};
/* End PBXFrameworksBuildPhase section */

/* Begin PBXGroup section */
		053DC14E25452A96003EB593 = {
			isa = PBXGroup;
			children = (
				053DC15925452A96003EB593 /* Iano_GuessingGame */,
				053DC17325452A9F003EB593 /* Iano_GuessingGameTests */,
				053DC17E25452A9F003EB593 /* Iano_GuessingGameUITests */,
				053DC15825452A96003EB593 /* Products */,
			);
			sourceTree = "<group>";
		};
		053DC15825452A96003EB593 /* Products */ = {
			isa = PBXGroup;
			children = (
				053DC15725452A96003EB593 /* Iano_GuessingGame.app */,
				053DC17025452A9F003EB593 /* Iano_GuessingGameTests.xctest */,
				053DC17B25452A9F003EB593 /* Iano_GuessingGameUITests.xctest */,
			);
			name = Products;
			sourceTree = "<group>";
		};
		053DC15925452A96003EB593 /* Iano_GuessingGame */ = {
			isa = PBXGroup;
			children = (
				053DC15A25452A96003EB593 /* AppDelegate.swift */,
				053DC15C25452A96003EB593 /* SceneDelegate.swift */,
				053DC15E25452A96003EB593 /* ViewController.swift */,
				053DC16025452A96003EB593 /* Main.storyboard */,
				053DC16625452A9D003EB593 /* Assets.xcassets */,
				053DC16825452A9E003EB593 /* LaunchScreen.storyboard */,
				053DC16B25452A9E003EB593 /* Info.plist */,
				053DC16325452A96003EB593 /* Iano_GuessingGame.xcdatamodeld */,
			);
			path = Iano_GuessingGame;
			sourceTree = "<group>";
		};
		053DC17325452A9F003EB593 /* Iano_GuessingGameTests */ = {
			isa = PBXGroup;
			children = (
				053DC17425452A9F003EB593 /* Iano_GuessingGameTests.swift */,
				053DC17625452A9F003EB593 /* Info.plist */,
			);
			path = Iano_GuessingGameTests;
			sourceTree = "<group>";
		};
		053DC17E25452A9F003EB593 /* Iano_GuessingGameUITests */ = {
			isa = PBXGroup;
			children = (
				053DC17F25452A9F003EB593 /* Iano_GuessingGameUITests.swift */,
				053DC18125452A9F003EB593 /* Info.plist */,
			);
			path = Iano_GuessingGameUITests;
			sourceTree = "<group>";
		};
/* End PBXGroup section */

/* Begin PBXNativeTarget section */
		053DC15625452A96003EB593 /* Iano_GuessingGame */ = {
			isa = PBXNativeTarget;
			buildConfigurationList = 053DC18425452A9F003EB593 /* Build configuration list for PBXNativeTarget "Iano_GuessingGame" */;
			buildPhases = (
				053DC15325452A96003EB593 /* Sources */,
				053DC15425452A96003EB593 /* Frameworks */,
				053DC15525452A96003EB593 /* Resources */,
			);
			buildRules = (
			);
			dependencies = (
			);
			name = Iano_GuessingGame;
			productName = Iano_GuessingGame;
			productReference = 053DC15725452A96003EB593 /* Iano_GuessingGame.app */;
			productType = "com.apple.product-type.application";
		};
		053DC16F25452A9F003EB593 /* Iano_GuessingGameTests */ = {
			isa = PBXNativeTarget;
			buildConfigurationList = 053DC18725452A9F003EB593 /* Build configuration list for PBXNativeTarget "Iano_GuessingGameTests" */;
			buildPhases = (
				053DC16C25452A9F003EB593 /* Sources */,
				053DC16D25452A9F003EB593 /* Frameworks */,
				053DC16E25452A9F003EB593 /* Resources */,
			);
			buildRules = (
			);
			dependencies = (
				053DC17225452A9F003EB593 /* PBXTargetDependency */,
			);
			name = Iano_GuessingGameTests;
			productName = Iano_GuessingGameTests;
			productReference = 053DC17025452A9F003EB593 /* Iano_GuessingGameTests.xctest */;
			productType = "com.apple.product-type.bundle.unit-test";
		};
		053DC17A25452A9F003EB593 /* Iano_GuessingGameUITests */ = {
			isa = PBXNativeTarget;
			buildConfigurationList = 053DC18A25452A9F003EB593 /* Build configuration list for PBXNativeTarget "Iano_GuessingGameUITests" */;
			buildPhases = (
				053DC17725452A9F003EB593 /* Sources */,
				053DC17825452A9F003EB593 /* Frameworks */,
				053DC17925452A9F003EB593 /* Resources */,
			);
			buildRules = (
			);
			dependencies = (
				053DC17D25452A9F003EB593 /* PBXTargetDependency */,
			);
			name = Iano_GuessingGameUITests;
			productName = Iano_GuessingGameUITests;
			productReference = 053DC17B25452A9F003EB593 /* Iano_GuessingGameUITests.xctest */;
			productType = "com.apple.product-type.bundle.ui-testing";
		};
/* End PBXNativeTarget section */

/* Begin PBXProject section */
		053DC14F25452A96003EB593 /* Project object */ = {
			isa = PBXProject;
			attributes = {
				LastSwiftUpdateCheck = 1200;
				LastUpgradeCheck = 1200;
				TargetAttributes = {
					053DC15625452A96003EB593 = {
						CreatedOnToolsVersion = 12.0;
					};
					053DC16F25452A9F003EB593 = {
						CreatedOnToolsVersion = 12.0;
						TestTargetID = 053DC15625452A96003EB593;
					};
					053DC17A25452A9F003EB593 = {
						CreatedOnToolsVersion = 12.0;
						TestTargetID = 053DC15625452A96003EB593;
					};
				};
			};
			buildConfigurationList = 053DC15225452A96003EB593 /* Build configuration list for PBXProject "Iano_GuessingGame" */;
			compatibilityVersion = "Xcode 9.3";
			developmentRegion = en;
			hasScannedForEncodings = 0;
			knownRegions = (
				en,
				Base,
			);
			mainGroup = 053DC14E25452A96003EB593;
			productRefGroup = 053DC15825452A96003EB593 /* Products */;
			projectDirPath = "";
			projectRoot = "";
			targets = (
				053DC15625452A96003EB593 /* Iano_GuessingGame */,
				053DC16F25452A9F003EB593 /* Iano_GuessingGameTests */,
				053DC17A25452A9F003EB593 /* Iano_GuessingGameUITests */,
			);
		};
/* End PBXProject section */

/* Begin PBXResourcesBuildPhase section */
		053DC15525452A96003EB593 /* Resources */ = {
			isa = PBXResourcesBuildPhase;
			buildActionMask = 2147483647;
			files = (
				053DC16A25452A9E003EB593 /* LaunchScreen.storyboard in Resources */,
				053DC16725452A9D003EB593 /* Assets.xcassets in Resources */,
				053DC16225452A96003EB593 /* Main.storyboard in Resources */,
			);
			runOnlyForDeploymentPostprocessing = 0;
		};
		053DC16E25452A9F003EB593 /* Resources */ = {
			isa = PBXResourcesBuildPhase;
			buildActionMask = 2147483647;
			files = (
			);
			runOnlyForDeploymentPostprocessing = 0;
		};
		053DC17925452A9F003EB593 /* Resources */ = {
			isa = PBXResourcesBuildPhase;
			buildActionMask = 2147483647;
			files = (
			);
			runOnlyForDeploymentPostprocessing = 0;
		};
/* End PBXResourcesBuildPhase section */

/* Begin PBXSourcesBuildPhase section */
		053DC15325452A96003EB593 /* Sources */ = {
			isa = PBXSourcesBuildPhase;
			buildActionMask = 2147483647;
			files = (
				053DC15F25452A96003EB593 /* ViewController.swift in Sources */,
				053DC15B25452A96003EB593 /* AppDelegate.swift in Sources */,
				053DC15D25452A96003EB593 /* SceneDelegate.swift in Sources */,
				053DC16525452A96003EB593 /* Iano_GuessingGame.xcdatamodeld in Sources */,
			);
			runOnlyForDeploymentPostprocessing = 0;
		};
		053DC16C25452A9F003EB593 /* Sources */ = {
			isa = PBXSourcesBuildPhase;
			buildActionMask = 2147483647;
			files = (
				053DC17525452A9F003EB593 /* Iano_GuessingGameTests.swift in Sources */,
			);
			runOnlyForDeploymentPostprocessing = 0;
		};
		053DC17725452A9F003EB593 /* Sources */ = {
			isa = PBXSourcesBuildPhase;
			buildActionMask = 2147483647;
			files = (
				053DC18025452A9F003EB593 /* Iano_GuessingGameUITests.swift in Sources */,
			);
			runOnlyForDeploymentPostprocessing = 0;
		};
/* End PBXSourcesBuildPhase section */

/* Begin PBXTargetDependency section */
		053DC17225452A9F003EB593 /* PBXTargetDependency */ = {
			isa = PBXTargetDependency;
			target = 053DC15625452A96003EB593 /* Iano_GuessingGame */;
			targetProxy = 053DC17125452A9F003EB593 /* PBXContainerItemProxy */;
		};
		053DC17D25452A9F003EB593 /* PBXTargetDependency */ = {
			isa = PBXTargetDependency;
			target = 053DC15625452A96003EB593 /* Iano_GuessingGame */;
			targetProxy = 053DC17C25452A9F003EB593 /* PBXContainerItemProxy */;
		};
/* End PBXTargetDependency section */

/* Begin PBXVariantGroup section */
		053DC16025452A96003EB593 /* Main.storyboard */ = {
			isa = PBXVariantGroup;
			children = (
				053DC16125452A96003EB593 /* Base */,
			);
			name = Main.storyboard;
			sourceTree = "<group>";
		};
		053DC16825452A9E003EB593 /* LaunchScreen.storyboard */ = {
			isa = PBXVariantGroup;
			children = (
				053DC16925452A9E003EB593 /* Base */,
			);
			name = LaunchScreen.storyboard;
			sourceTree = "<group>";
		};
/* End PBXVariantGroup section */

/* Begin XCBuildConfiguration section */
		053DC18225452A9F003EB593 /* Debug */ = {
			isa = XCBuildConfiguration;
			buildSettings = {
				ALWAYS_SEARCH_USER_PATHS = NO;
				CLANG_ANALYZER_NONNULL = YES;
				CLANG_ANALYZER_NUMBER_OBJECT_CONVERSION = YES_AGGRESSIVE;
				CLANG_CXX_LANGUAGE_STANDARD = "gnu++14";
				CLANG_CXX_LIBRARY = "libc++";
				CLANG_ENABLE_MODULES = YES;
				CLANG_ENABLE_OBJC_ARC = YES;
				CLANG_ENABLE_OBJC_WEAK = YES;
				CLANG_WARN_BLOCK_CAPTURE_AUTORELEASING = YES;
				CLANG_WARN_BOOL_CONVERSION = YES;
				CLANG_WARN_COMMA = YES;
				CLANG_WARN_CONSTANT_CONVERSION = YES;
				CLANG_WARN_DEPRECATED_OBJC_IMPLEMENTATIONS = YES;
				CLANG_WARN_DIRECT_OBJC_ISA_USAGE = YES_ERROR;
				CLANG_WARN_DOCUMENTATION_COMMENTS = YES;
				CLANG_WARN_EMPTY_BODY = YES;
				CLANG_WARN_ENUM_CONVERSION = YES;
				CLANG_WARN_INFINITE_RECURSION = YES;
				CLANG_WARN_INT_CONVERSION = YES;
				CLANG_WARN_NON_LITERAL_NULL_CONVERSION = YES;
				CLANG_WARN_OBJC_IMPLICIT_RETAIN_SELF = YES;
				CLANG_WARN_OBJC_LITERAL_CONVERSION = YES;
				CLANG_WARN_OBJC_ROOT_CLASS = YES_ERROR;
				CLANG_WARN_QUOTED_INCLUDE_IN_FRAMEWORK_HEADER = YES;
				CLANG_WARN_RANGE_LOOP_ANALYSIS = YES;
				CLANG_WARN_STRICT_PROTOTYPES = YES;
				CLANG_WARN_SUSPICIOUS_MOVE = YES;
				CLANG_WARN_UNGUARDED_AVAILABILITY = YES_AGGRESSIVE;
				CLANG_WARN_UNREACHABLE_CODE = YES;
				CLANG_WARN__DUPLICATE_METHOD_MATCH = YES;
				COPY_PHASE_STRIP = NO;
				DEBUG_INFORMATION_FORMAT = dwarf;
				ENABLE_STRICT_OBJC_MSGSEND = YES;
				ENABLE_TESTABILITY = YES;
				GCC_C_LANGUAGE_STANDARD = gnu11;
				GCC_DYNAMIC_NO_PIC = NO;
				GCC_NO_COMMON_BLOCKS = YES;
				GCC_OPTIMIZATION_LEVEL = 0;
				GCC_PREPROCESSOR_DEFINITIONS = (
					"DEBUG=1",
					"$(inherited)",
				);
				GCC_WARN_64_TO_32_BIT_CONVERSION = YES;
				GCC_WARN_ABOUT_RETURN_TYPE = YES_ERROR;
				GCC_WARN_UNDECLARED_SELECTOR = YES;
				GCC_WARN_UNINITIALIZED_AUTOS = YES_AGGRESSIVE;
				GCC_WARN_UNUSED_FUNCTION = YES;
				GCC_WARN_UNUSED_VARIABLE = YES;
				IPHONEOS_DEPLOYMENT_TARGET = 14.0;
				MTL_ENABLE_DEBUG_INFO = INCLUDE_SOURCE;
				MTL_FAST_MATH = YES;
				ONLY_ACTIVE_ARCH = YES;
				SDKROOT = iphoneos;
				SWIFT_ACTIVE_COMPILATION_CONDITIONS = DEBUG;
				SWIFT_OPTIMIZATION_LEVEL = "-Onone";
			};
			name = Debug;
		};
		053DC18325452A9F003EB593 /* Release */ = {
			isa = XCBuildConfiguration;
			buildSettings = {
				ALWAYS_SEARCH_USER_PATHS = NO;
				CLANG_ANALYZER_NONNULL = YES;
				CLANG_ANALYZER_NUMBER_OBJECT_CONVERSION = YES_AGGRESSIVE;
				CLANG_CXX_LANGUAGE_STANDARD = "gnu++14";
				CLANG_CXX_LIBRARY = "libc++";
				CLANG_ENABLE_MODULES = YES;
				CLANG_ENABLE_OBJC_ARC = YES;
				CLANG_ENABLE_OBJC_WEAK = YES;
				CLANG_WARN_BLOCK_CAPTURE_AUTORELEASING = YES;
				CLANG_WARN_BOOL_CONVERSION = YES;
				CLANG_WARN_COMMA = YES;
				CLANG_WARN_CONSTANT_CONVERSION = YES;
				CLANG_WARN_DEPRECATED_OBJC_IMPLEMENTATIONS = YES;
				CLANG_WARN_DIRECT_OBJC_ISA_USAGE = YES_ERROR;
				CLANG_WARN_DOCUMENTATION_COMMENTS = YES;
				CLANG_WARN_EMPTY_BODY = YES;
				CLANG_WARN_ENUM_CONVERSION = YES;
				CLANG_WARN_INFINITE_RECURSION = YES;
				CLANG_WARN_INT_CONVERSION = YES;
				CLANG_WARN_NON_LITERAL_NULL_CONVERSION = YES;
				CLANG_WARN_OBJC_IMPLICIT_RETAIN_SELF = YES;
				CLANG_WARN_OBJC_LITERAL_CONVERSION = YES;
				CLANG_WARN_OBJC_ROOT_CLASS = YES_ERROR;
				CLANG_WARN_QUOTED_INCLUDE_IN_FRAMEWORK_HEADER = YES;
				CLANG_WARN_RANGE_LOOP_ANALYSIS = YES;
				CLANG_WARN_STRICT_PROTOTYPES = YES;
				CLANG_WARN_SUSPICIOUS_MOVE = YES;
				CLANG_WARN_UNGUARDED_AVAILABILITY = YES_AGGRESSIVE;
				CLANG_WARN_UNREACHABLE_CODE = YES;
				CLANG_WARN__DUPLICATE_METHOD_MATCH = YES;
				COPY_PHASE_STRIP = NO;
				DEBUG_INFORMATION_FORMAT = "dwarf-with-dsym";
				ENABLE_NS_ASSERTIONS = NO;
				ENABLE_STRICT_OBJC_MSGSEND = YES;
				GCC_C_LANGUAGE_STANDARD = gnu11;
				GCC_NO_COMMON_BLOCKS = YES;
				GCC_WARN_64_TO_32_BIT_CONVERSION = YES;
				GCC_WARN_ABOUT_RETURN_TYPE = YES_ERROR;
				GCC_WARN_UNDECLARED_SELECTOR = YES;
				GCC_WARN_UNINITIALIZED_AUTOS = YES_AGGRESSIVE;
				GCC_WARN_UNUSED_FUNCTION = YES;
				GCC_WARN_UNUSED_VARIABLE = YES;
				IPHONEOS_DEPLOYMENT_TARGET = 14.0;
				MTL_ENABLE_DEBUG_INFO = NO;
				MTL_FAST_MATH = YES;
				SDKROOT = iphoneos;
				SWIFT_COMPILATION_MODE = wholemodule;
				SWIFT_OPTIMIZATION_LEVEL = "-O";
				VALIDATE_PRODUCT = YES;
			};
			name = Release;
		};
		053DC18525452A9F003EB593 /* Debug */ = {
			isa = XCBuildConfiguration;
			buildSettings = {
				ASSETCATALOG_COMPILER_APPICON_NAME = AppIcon;
				ASSETCATALOG_COMPILER_GLOBAL_ACCENT_COLOR_NAME = AccentColor;
				CODE_SIGN_STYLE = Automatic;
				DEVELOPMENT_TEAM = FH4KSW588S;
				INFOPLIST_FILE = Iano_GuessingGame/Info.plist;
				LD_RUNPATH_SEARCH_PATHS = (
					"$(inherited)",
					"@executable_path/Frameworks",
				);
				PRODUCT_BUNDLE_IDENTIFIER = "com.IanoFrancisco.Iano-GuessingGame";
				PRODUCT_NAME = "$(TARGET_NAME)";
				SWIFT_VERSION = 5.0;
				TARGETED_DEVICE_FAMILY = "1,2";
			};
			name = Debug;
		};
		053DC18625452A9F003EB593 /* Release */ = {
			isa = XCBuildConfiguration;
			buildSettings = {
				ASSETCATALOG_COMPILER_APPICON_NAME = AppIcon;
				ASSETCATALOG_COMPILER_GLOBAL_ACCENT_COLOR_NAME = AccentColor;
				CODE_SIGN_STYLE = Automatic;
				DEVELOPMENT_TEAM = FH4KSW588S;
				INFOPLIST_FILE = Iano_GuessingGame/Info.plist;
				LD_RUNPATH_SEARCH_PATHS = (
					"$(inherited)",
					"@executable_path/Frameworks",
				);
				PRODUCT_BUNDLE_IDENTIFIER = "com.IanoFrancisco.Iano-GuessingGame";
				PRODUCT_NAME = "$(TARGET_NAME)";
				SWIFT_VERSION = 5.0;
				TARGETED_DEVICE_FAMILY = "1,2";
			};
			name = Release;
		};
		053DC18825452A9F003EB593 /* Debug */ = {
			isa = XCBuildConfiguration;
			buildSettings = {
				ALWAYS_EMBED_SWIFT_STANDARD_LIBRARIES = YES;
				BUNDLE_LOADER = "$(TEST_HOST)";
				CODE_SIGN_STYLE = Automatic;
				DEVELOPMENT_TEAM = FH4KSW588S;
				INFOPLIST_FILE = Iano_GuessingGameTests/Info.plist;
				IPHONEOS_DEPLOYMENT_TARGET = 14.0;
				LD_RUNPATH_SEARCH_PATHS = (
					"$(inherited)",
					"@executable_path/Frameworks",
					"@loader_path/Frameworks",
				);
				PRODUCT_BUNDLE_IDENTIFIER = "com.IanoFrancisco.Iano-GuessingGameTests";
				PRODUCT_NAME = "$(TARGET_NAME)";
				SWIFT_VERSION = 5.0;
				TARGETED_DEVICE_FAMILY = "1,2";
				TEST_HOST = "$(BUILT_PRODUCTS_DIR)/Iano_GuessingGame.app/Iano_GuessingGame";
			};
			name = Debug;
		};
		053DC18925452A9F003EB593 /* Release */ = {
			isa = XCBuildConfiguration;
			buildSettings = {
				ALWAYS_EMBED_SWIFT_STANDARD_LIBRARIES = YES;
				BUNDLE_LOADER = "$(TEST_HOST)";
				CODE_SIGN_STYLE = Automatic;
				DEVELOPMENT_TEAM = FH4KSW588S;
				INFOPLIST_FILE = Iano_GuessingGameTests/Info.plist;
				IPHONEOS_DEPLOYMENT_TARGET = 14.0;
				LD_RUNPATH_SEARCH_PATHS = (
					"$(inherited)",
					"@executable_path/Frameworks",
					"@loader_path/Frameworks",
				);
				PRODUCT_BUNDLE_IDENTIFIER = "com.IanoFrancisco.Iano-GuessingGameTests";
				PRODUCT_NAME = "$(TARGET_NAME)";
				SWIFT_VERSION = 5.0;
				TARGETED_DEVICE_FAMILY = "1,2";
				TEST_HOST = "$(BUILT_PRODUCTS_DIR)/Iano_GuessingGame.app/Iano_GuessingGame";
			};
			name = Release;
		};
		053DC18B25452A9F003EB593 /* Debug */ = {
			isa = XCBuildConfiguration;
			buildSettings = {
				ALWAYS_EMBED_SWIFT_STANDARD_LIBRARIES = YES;
				CODE_SIGN_STYLE = Automatic;
				DEVELOPMENT_TEAM = FH4KSW588S;
				INFOPLIST_FILE = Iano_GuessingGameUITests/Info.plist;
				LD_RUNPATH_SEARCH_PATHS = (
					"$(inherited)",
					"@executable_path/Frameworks",
					"@loader_path/Frameworks",
				);
				PRODUCT_BUNDLE_IDENTIFIER = "com.IanoFrancisco.Iano-GuessingGameUITests";
				PRODUCT_NAME = "$(TARGET_NAME)";
				SWIFT_VERSION = 5.0;
				TARGETED_DEVICE_FAMILY = "1,2";
				TEST_TARGET_NAME = Iano_GuessingGame;
			};
			name = Debug;
		};
		053DC18C25452A9F003EB593 /* Release */ = {
			isa = XCBuildConfiguration;
			buildSettings = {
				ALWAYS_EMBED_SWIFT_STANDARD_LIBRARIES = YES;
				CODE_SIGN_STYLE = Automatic;
				DEVELOPMENT_TEAM = FH4KSW588S;
				INFOPLIST_FILE = Iano_GuessingGameUITests/Info.plist;
				LD_RUNPATH_SEARCH_PATHS = (
					"$(inherited)",
					"@executable_path/Frameworks",
					"@loader_path/Frameworks",
				);
				PRODUCT_BUNDLE_IDENTIFIER = "com.IanoFrancisco.Iano-GuessingGameUITests";
				PRODUCT_NAME = "$(TARGET_NAME)";
				SWIFT_VERSION = 5.0;
				TARGETED_DEVICE_FAMILY = "1,2";
				TEST_TARGET_NAME = Iano_GuessingGame;
			};
			name = Release;
		};
/* End XCBuildConfiguration section */

/* Begin XCConfigurationList section */
		053DC15225452A96003EB593 /* Build configuration list for PBXProject "Iano_GuessingGame" */ = {
			isa = XCConfigurationList;
			buildConfigurations = (
				053DC18225452A9F003EB593 /* Debug */,
				053DC18325452A9F003EB593 /* Release */,
			);
			defaultConfigurationIsVisible = 0;
			defaultConfigurationName = Release;
		};
		053DC18425452A9F003EB593 /* Build configuration list for PBXNativeTarget "Iano_GuessingGame" */ = {
			isa = XCConfigurationList;
			buildConfigurations = (
				053DC18525452A9F003EB593 /* Debug */,
				053DC18625452A9F003EB593 /* Release */,
			);
			defaultConfigurationIsVisible = 0;
			defaultConfigurationName = Release;
		};
		053DC18725452A9F003EB593 /* Build configuration list for PBXNativeTarget "Iano_GuessingGameTests" */ = {
			isa = XCConfigurationList;
			buildConfigurations = (
				053DC18825452A9F003EB593 /* Debug */,
				053DC18925452A9F003EB593 /* Release */,
			);
			defaultConfigurationIsVisible = 0;
			defaultConfigurationName = Release;
		};
		053DC18A25452A9F003EB593 /* Build configuration list for PBXNativeTarget "Iano_GuessingGameUITests" */ = {
			isa = XCConfigurationList;
			buildConfigurations = (
				053DC18B25452A9F003EB593 /* Debug */,
				053DC18C25452A9F003EB593 /* Release */,
			);
			defaultConfigurationIsVisible = 0;
			defaultConfigurationName = Release;
		};
/* End XCConfigurationList section */

/* Begin XCVersionGroup section */
		053DC16325452A96003EB593 /* Iano_GuessingGame.xcdatamodeld */ = {
			isa = XCVersionGroup;
			children = (
				053DC16425452A96003EB593 /* Iano_GuessingGame.xcdatamodel */,
			);
			currentVersion = 053DC16425452A96003EB593 /* Iano_GuessingGame.xcdatamodel */;
			path = Iano_GuessingGame.xcdatamodeld;
			sourceTree = "<group>";
			versionGroupType = wrapper.xcdatamodel;
		};
/* End XCVersionGroup section */
	};
	rootObject = 053DC14F25452A96003EB593 /* Project object */;
}
